// !$*UTF8*$!
{
	archiveVersion = 1;
	classes = {
	};
	objectVersion = 56;
	objects = {

/* Begin PBXBuildFile section */
		C6E674A12C92E03600136943 /* AglaiaApp.swift in Sources */ = {isa = PBXBuildFile; fileRef = C6E674A02C92E03600136943 /* AglaiaApp.swift */; };
		C6E674A32C92E03600136943 /* LoginView.swift in Sources */ = {isa = PBXBuildFile; fileRef = C6E674A22C92E03600136943 /* LoginView.swift */; };
		C6E674A52C92E03800136943 /* Assets.xcassets in Resources */ = {isa = PBXBuildFile; fileRef = C6E674A42C92E03800136943 /* Assets.xcassets */; };
		C6E674A92C92E03800136943 /* Preview Assets.xcassets in Resources */ = {isa = PBXBuildFile; fileRef = C6E674A82C92E03800136943 /* Preview Assets.xcassets */; };
		C6E674B32C92E03800136943 /* AglaiaTests.swift in Sources */ = {isa = PBXBuildFile; fileRef = C6E674B22C92E03800136943 /* AglaiaTests.swift */; };
		C6E674BD2C92E03800136943 /* AglaiaUITests.swift in Sources */ = {isa = PBXBuildFile; fileRef = C6E674BC2C92E03800136943 /* AglaiaUITests.swift */; };
		C6E674BF2C92E03800136943 /* AglaiaUITestsLaunchTests.swift in Sources */ = {isa = PBXBuildFile; fileRef = C6E674BE2C92E03800136943 /* AglaiaUITestsLaunchTests.swift */; };
		C6E674CE2C92E43100136943 /* FirebaseAnalytics in Frameworks */ = {isa = PBXBuildFile; productRef = C6E674CD2C92E43100136943 /* FirebaseAnalytics */; };
		C6E674D02C92E43100136943 /* FirebaseAuth in Frameworks */ = {isa = PBXBuildFile; productRef = C6E674CF2C92E43100136943 /* FirebaseAuth */; };
		C6E674D22C92E43100136943 /* FirebaseCrashlytics in Frameworks */ = {isa = PBXBuildFile; productRef = C6E674D12C92E43100136943 /* FirebaseCrashlytics */; };
		C6E674D52C92E65800136943 /* ComposableArchitecture in Frameworks */ = {isa = PBXBuildFile; productRef = C6E674D42C92E65800136943 /* ComposableArchitecture */; };
		C6E674D92C95C0BE00136943 /* GoogleService-Info.plist in Resources */ = {isa = PBXBuildFile; fileRef = C6E674D82C95C0BE00136943 /* GoogleService-Info.plist */; };
/* End PBXBuildFile section */

/* Begin PBXContainerItemProxy section */
		C6E674AF2C92E03800136943 /* PBXContainerItemProxy */ = {
			isa = PBXContainerItemProxy;
			containerPortal = C6E674952C92E03600136943 /* Project object */;
			proxyType = 1;
			remoteGlobalIDString = C6E6749C2C92E03600136943;
			remoteInfo = Aglaia;
		};
		C6E674B92C92E03800136943 /* PBXContainerItemProxy */ = {
			isa = PBXContainerItemProxy;
			containerPortal = C6E674952C92E03600136943 /* Project object */;
			proxyType = 1;
			remoteGlobalIDString = C6E6749C2C92E03600136943;
			remoteInfo = Aglaia;
		};
/* End PBXContainerItemProxy section */

/* Begin PBXFileReference section */
		C6E6749D2C92E03600136943 /* Aglaia.app */ = {isa = PBXFileReference; explicitFileType = wrapper.application; includeInIndex = 0; path = Aglaia.app; sourceTree = BUILT_PRODUCTS_DIR; };
		C6E674A02C92E03600136943 /* AglaiaApp.swift */ = {isa = PBXFileReference; lastKnownFileType = sourcecode.swift; path = AglaiaApp.swift; sourceTree = "<group>"; };
		C6E674A22C92E03600136943 /* LoginView.swift */ = {isa = PBXFileReference; lastKnownFileType = sourcecode.swift; path = LoginView.swift; sourceTree = "<group>"; };
		C6E674A42C92E03800136943 /* Assets.xcassets */ = {isa = PBXFileReference; lastKnownFileType = folder.assetcatalog; path = Assets.xcassets; sourceTree = "<group>"; };
		C6E674A62C92E03800136943 /* Aglaia.entitlements */ = {isa = PBXFileReference; lastKnownFileType = text.plist.entitlements; path = Aglaia.entitlements; sourceTree = "<group>"; };
		C6E674A82C92E03800136943 /* Preview Assets.xcassets */ = {isa = PBXFileReference; lastKnownFileType = folder.assetcatalog; path = "Preview Assets.xcassets"; sourceTree = "<group>"; };
		C6E674AE2C92E03800136943 /* AglaiaTests.xctest */ = {isa = PBXFileReference; explicitFileType = wrapper.cfbundle; includeInIndex = 0; path = AglaiaTests.xctest; sourceTree = BUILT_PRODUCTS_DIR; };
		C6E674B22C92E03800136943 /* AglaiaTests.swift */ = {isa = PBXFileReference; lastKnownFileType = sourcecode.swift; path = AglaiaTests.swift; sourceTree = "<group>"; };
		C6E674B82C92E03800136943 /* AglaiaUITests.xctest */ = {isa = PBXFileReference; explicitFileType = wrapper.cfbundle; includeInIndex = 0; path = AglaiaUITests.xctest; sourceTree = BUILT_PRODUCTS_DIR; };
		C6E674BC2C92E03800136943 /* AglaiaUITests.swift */ = {isa = PBXFileReference; lastKnownFileType = sourcecode.swift; path = AglaiaUITests.swift; sourceTree = "<group>"; };
		C6E674BE2C92E03800136943 /* AglaiaUITestsLaunchTests.swift */ = {isa = PBXFileReference; lastKnownFileType = sourcecode.swift; path = AglaiaUITestsLaunchTests.swift; sourceTree = "<group>"; };
		C6E674D82C95C0BE00136943 /* GoogleService-Info.plist */ = {isa = PBXFileReference; fileEncoding = 4; lastKnownFileType = text.plist.xml; path = "GoogleService-Info.plist"; sourceTree = "<group>"; };
/* End PBXFileReference section */

/* Begin PBXFrameworksBuildPhase section */
		C6E6749A2C92E03600136943 /* Frameworks */ = {
			isa = PBXFrameworksBuildPhase;
			buildActionMask = 2147483647;
			files = (
				C6E674D22C92E43100136943 /* FirebaseCrashlytics in Frameworks */,
				C6E674CE2C92E43100136943 /* FirebaseAnalytics in Frameworks */,
				C6E674D52C92E65800136943 /* ComposableArchitecture in Frameworks */,
				C6E674D02C92E43100136943 /* FirebaseAuth in Frameworks */,
			);
			runOnlyForDeploymentPostprocessing = 0;
		};
		C6E674AB2C92E03800136943 /* Frameworks */ = {
			isa = PBXFrameworksBuildPhase;
			buildActionMask = 2147483647;
			files = (
			);
			runOnlyForDeploymentPostprocessing = 0;
		};
		C6E674B52C92E03800136943 /* Frameworks */ = {
			isa = PBXFrameworksBuildPhase;
			buildActionMask = 2147483647;
			files = (
			);
			runOnlyForDeploymentPostprocessing = 0;
		};
/* End PBXFrameworksBuildPhase section */

/* Begin PBXGroup section */
		C6E674942C92E03600136943 = {
			isa = PBXGroup;
			children = (
				C6E6749F2C92E03600136943 /* Aglaia */,
				C6E674B12C92E03800136943 /* AglaiaTests */,
				C6E674BB2C92E03800136943 /* AglaiaUITests */,
				C6E6749E2C92E03600136943 /* Products */,
			);
			sourceTree = "<group>";
		};
		C6E6749E2C92E03600136943 /* Products */ = {
			isa = PBXGroup;
			children = (
				C6E6749D2C92E03600136943 /* Aglaia.app */,
				C6E674AE2C92E03800136943 /* AglaiaTests.xctest */,
				C6E674B82C92E03800136943 /* AglaiaUITests.xctest */,
			);
			name = Products;
			sourceTree = "<group>";
		};
		C6E6749F2C92E03600136943 /* Aglaia */ = {
			isa = PBXGroup;
			children = (
				C6E674A62C92E03800136943 /* Aglaia.entitlements */,
				C6E674A02C92E03600136943 /* AglaiaApp.swift */,
				C6E674A42C92E03800136943 /* Assets.xcassets */,
				C6E674D72C95C07000136943 /* GoogleService */,
				C6E674CB2C92E05400136943 /* Login */,
				C6E674A72C92E03800136943 /* Preview Content */,
			);
			path = Aglaia;
			sourceTree = "<group>";
		};
		C6E674A72C92E03800136943 /* Preview Content */ = {
			isa = PBXGroup;
			children = (
				C6E674A82C92E03800136943 /* Preview Assets.xcassets */,
			);
			path = "Preview Content";
			sourceTree = "<group>";
		};
		C6E674B12C92E03800136943 /* AglaiaTests */ = {
			isa = PBXGroup;
			children = (
				C6E674B22C92E03800136943 /* AglaiaTests.swift */,
			);
			path = AglaiaTests;
			sourceTree = "<group>";
		};
		C6E674BB2C92E03800136943 /* AglaiaUITests */ = {
			isa = PBXGroup;
			children = (
				C6E674BC2C92E03800136943 /* AglaiaUITests.swift */,
				C6E674BE2C92E03800136943 /* AglaiaUITestsLaunchTests.swift */,
			);
			path = AglaiaUITests;
			sourceTree = "<group>";
		};
		C6E674CB2C92E05400136943 /* Login */ = {
			isa = PBXGroup;
			children = (
				C6E674A22C92E03600136943 /* LoginView.swift */,
			);
			path = Login;
			sourceTree = "<group>";
		};
		C6E674D72C95C07000136943 /* GoogleService */ = {
			isa = PBXGroup;
			children = (
				C6E674D82C95C0BE00136943 /* GoogleService-Info.plist */,
			);
			path = GoogleService;
			sourceTree = "<group>";
		};
/* End PBXGroup section */

/* Begin PBXNativeTarget section */
		C6E6749C2C92E03600136943 /* Aglaia */ = {
			isa = PBXNativeTarget;
			buildConfigurationList = C6E674C22C92E03800136943 /* Build configuration list for PBXNativeTarget "Aglaia" */;
			buildPhases = (
				C6E674992C92E03600136943 /* Sources */,
				C6E6749A2C92E03600136943 /* Frameworks */,
				C6E6749B2C92E03600136943 /* Resources */,
				C6E674DA2C95C40200136943 /* Upload Crashlytics Symbol */,
			);
			buildRules = (
			);
			dependencies = (
			);
			name = Aglaia;
			packageProductDependencies = (
				C6E674CD2C92E43100136943 /* FirebaseAnalytics */,
				C6E674CF2C92E43100136943 /* FirebaseAuth */,
				C6E674D12C92E43100136943 /* FirebaseCrashlytics */,
				C6E674D42C92E65800136943 /* ComposableArchitecture */,
			);
			productName = Aglaia;
			productReference = C6E6749D2C92E03600136943 /* Aglaia.app */;
			productType = "com.apple.product-type.application";
		};
		C6E674AD2C92E03800136943 /* AglaiaTests */ = {
			isa = PBXNativeTarget;
			buildConfigurationList = C6E674C52C92E03800136943 /* Build configuration list for PBXNativeTarget "AglaiaTests" */;
			buildPhases = (
				C6E674AA2C92E03800136943 /* Sources */,
				C6E674AB2C92E03800136943 /* Frameworks */,
				C6E674AC2C92E03800136943 /* Resources */,
			);
			buildRules = (
			);
			dependencies = (
				C6E674B02C92E03800136943 /* PBXTargetDependency */,
			);
			name = AglaiaTests;
			productName = AglaiaTests;
			productReference = C6E674AE2C92E03800136943 /* AglaiaTests.xctest */;
			productType = "com.apple.product-type.bundle.unit-test";
		};
		C6E674B72C92E03800136943 /* AglaiaUITests */ = {
			isa = PBXNativeTarget;
			buildConfigurationList = C6E674C82C92E03800136943 /* Build configuration list for PBXNativeTarget "AglaiaUITests" */;
			buildPhases = (
				C6E674B42C92E03800136943 /* Sources */,
				C6E674B52C92E03800136943 /* Frameworks */,
				C6E674B62C92E03800136943 /* Resources */,
			);
			buildRules = (
			);
			dependencies = (
				C6E674BA2C92E03800136943 /* PBXTargetDependency */,
			);
			name = AglaiaUITests;
			productName = AglaiaUITests;
			productReference = C6E674B82C92E03800136943 /* AglaiaUITests.xctest */;
			productType = "com.apple.product-type.bundle.ui-testing";
		};
/* End PBXNativeTarget section */

/* Begin PBXProject section */
		C6E674952C92E03600136943 /* Project object */ = {
			isa = PBXProject;
			attributes = {
				BuildIndependentTargetsInParallel = 1;
				LastSwiftUpdateCheck = 1540;
				LastUpgradeCheck = 1540;
				TargetAttributes = {
					C6E6749C2C92E03600136943 = {
						CreatedOnToolsVersion = 15.4;
					};
					C6E674AD2C92E03800136943 = {
						CreatedOnToolsVersion = 15.4;
						TestTargetID = C6E6749C2C92E03600136943;
					};
					C6E674B72C92E03800136943 = {
						CreatedOnToolsVersion = 15.4;
						TestTargetID = C6E6749C2C92E03600136943;
					};
				};
			};
			buildConfigurationList = C6E674982C92E03600136943 /* Build configuration list for PBXProject "Aglaia" */;
			compatibilityVersion = "Xcode 14.0";
			developmentRegion = en;
			hasScannedForEncodings = 0;
			knownRegions = (
				en,
				Base,
			);
			mainGroup = C6E674942C92E03600136943;
			packageReferences = (
				C6E674CC2C92E43100136943 /* XCRemoteSwiftPackageReference "firebase-ios-sdk" */,
				C6E674D32C92E65800136943 /* XCRemoteSwiftPackageReference "swift-composable-architecture" */,
			);
			productRefGroup = C6E6749E2C92E03600136943 /* Products */;
			projectDirPath = "";
			projectRoot = "";
			targets = (
				C6E6749C2C92E03600136943 /* Aglaia */,
				C6E674AD2C92E03800136943 /* AglaiaTests */,
				C6E674B72C92E03800136943 /* AglaiaUITests */,
			);
		};
/* End PBXProject section */

/* Begin PBXResourcesBuildPhase section */
		C6E6749B2C92E03600136943 /* Resources */ = {
			isa = PBXResourcesBuildPhase;
			buildActionMask = 2147483647;
			files = (
				C6E674A92C92E03800136943 /* Preview Assets.xcassets in Resources */,
				C6E674A52C92E03800136943 /* Assets.xcassets in Resources */,
				C6E674D92C95C0BE00136943 /* GoogleService-Info.plist in Resources */,
			);
			runOnlyForDeploymentPostprocessing = 0;
		};
		C6E674AC2C92E03800136943 /* Resources */ = {
			isa = PBXResourcesBuildPhase;
			buildActionMask = 2147483647;
			files = (
			);
			runOnlyForDeploymentPostprocessing = 0;
		};
		C6E674B62C92E03800136943 /* Resources */ = {
			isa = PBXResourcesBuildPhase;
			buildActionMask = 2147483647;
			files = (
			);
			runOnlyForDeploymentPostprocessing = 0;
		};
/* End PBXResourcesBuildPhase section */

/* Begin PBXShellScriptBuildPhase section */
		C6E674DA2C95C40200136943 /* Upload Crashlytics Symbol */ = {
			isa = PBXShellScriptBuildPhase;
			buildActionMask = 2147483647;
			files = (
			);
			inputFileListPaths = (
			);
			inputPaths = (
			);
			name = "Upload Crashlytics Symbol";
			outputFileListPaths = (
			);
			outputPaths = (
			);
			runOnlyForDeploymentPostprocessing = 0;
			shellPath = /bin/sh;
			shellScript = "# Type a script or drag a script file from your workspace to insert its path.\n${BUILD_DIR%Build/*}/SourcePackages/checkouts/firebase-ios-sdk/Crashlytics/run\n";
		};
/* End PBXShellScriptBuildPhase section */

/* Begin PBXSourcesBuildPhase section */
		C6E674992C92E03600136943 /* Sources */ = {
			isa = PBXSourcesBuildPhase;
			buildActionMask = 2147483647;
			files = (
				C6E674A32C92E03600136943 /* LoginView.swift in Sources */,
				C6E674A12C92E03600136943 /* AglaiaApp.swift in Sources */,
			);
			runOnlyForDeploymentPostprocessing = 0;
		};
		C6E674AA2C92E03800136943 /* Sources */ = {
			isa = PBXSourcesBuildPhase;
			buildActionMask = 2147483647;
			files = (
				C6E674B32C92E03800136943 /* AglaiaTests.swift in Sources */,
			);
			runOnlyForDeploymentPostprocessing = 0;
		};
		C6E674B42C92E03800136943 /* Sources */ = {
			isa = PBXSourcesBuildPhase;
			buildActionMask = 2147483647;
			files = (
				C6E674BD2C92E03800136943 /* AglaiaUITests.swift in Sources */,
				C6E674BF2C92E03800136943 /* AglaiaUITestsLaunchTests.swift in Sources */,
			);
			runOnlyForDeploymentPostprocessing = 0;
		};
/* End PBXSourcesBuildPhase section */

/* Begin PBXTargetDependency section */
		C6E674B02C92E03800136943 /* PBXTargetDependency */ = {
			isa = PBXTargetDependency;
			target = C6E6749C2C92E03600136943 /* Aglaia */;
			targetProxy = C6E674AF2C92E03800136943 /* PBXContainerItemProxy */;
		};
		C6E674BA2C92E03800136943 /* PBXTargetDependency */ = {
			isa = PBXTargetDependency;
			target = C6E6749C2C92E03600136943 /* Aglaia */;
			targetProxy = C6E674B92C92E03800136943 /* PBXContainerItemProxy */;
		};
/* End PBXTargetDependency section */

/* Begin XCBuildConfiguration section */
		C6E674C02C92E03800136943 /* Debug */ = {
			isa = XCBuildConfiguration;
			buildSettings = {
				ALWAYS_SEARCH_USER_PATHS = NO;
				ASSETCATALOG_COMPILER_GENERATE_SWIFT_ASSET_SYMBOL_EXTENSIONS = YES;
				CLANG_ANALYZER_NONNULL = YES;
				CLANG_ANALYZER_NUMBER_OBJECT_CONVERSION = YES_AGGRESSIVE;
				CLANG_CXX_LANGUAGE_STANDARD = "gnu++20";
				CLANG_ENABLE_MODULES = YES;
				CLANG_ENABLE_OBJC_ARC = YES;
				CLANG_ENABLE_OBJC_WEAK = YES;
				CLANG_WARN_BLOCK_CAPTURE_AUTORELEASING = YES;
				CLANG_WARN_BOOL_CONVERSION = YES;
				CLANG_WARN_COMMA = YES;
				CLANG_WARN_CONSTANT_CONVERSION = YES;
				CLANG_WARN_DEPRECATED_OBJC_IMPLEMENTATIONS = YES;
				CLANG_WARN_DIRECT_OBJC_ISA_USAGE = YES_ERROR;
				CLANG_WARN_DOCUMENTATION_COMMENTS = YES;
				CLANG_WARN_EMPTY_BODY = YES;
				CLANG_WARN_ENUM_CONVERSION = YES;
				CLANG_WARN_INFINITE_RECURSION = YES;
				CLANG_WARN_INT_CONVERSION = YES;
				CLANG_WARN_NON_LITERAL_NULL_CONVERSION = YES;
				CLANG_WARN_OBJC_IMPLICIT_RETAIN_SELF = YES;
				CLANG_WARN_OBJC_LITERAL_CONVERSION = YES;
				CLANG_WARN_OBJC_ROOT_CLASS = YES_ERROR;
				CLANG_WARN_QUOTED_INCLUDE_IN_FRAMEWORK_HEADER = YES;
				CLANG_WARN_RANGE_LOOP_ANALYSIS = YES;
				CLANG_WARN_STRICT_PROTOTYPES = YES;
				CLANG_WARN_SUSPICIOUS_MOVE = YES;
				CLANG_WARN_UNGUARDED_AVAILABILITY = YES_AGGRESSIVE;
				CLANG_WARN_UNREACHABLE_CODE = YES;
				CLANG_WARN__DUPLICATE_METHOD_MATCH = YES;
				COPY_PHASE_STRIP = NO;
				DEBUG_INFORMATION_FORMAT = dwarf;
				ENABLE_STRICT_OBJC_MSGSEND = YES;
				ENABLE_TESTABILITY = YES;
				ENABLE_USER_SCRIPT_SANDBOXING = NO;
				GCC_C_LANGUAGE_STANDARD = gnu17;
				GCC_DYNAMIC_NO_PIC = NO;
				GCC_NO_COMMON_BLOCKS = YES;
				GCC_OPTIMIZATION_LEVEL = 0;
				GCC_PREPROCESSOR_DEFINITIONS = (
					"DEBUG=1",
					"$(inherited)",
				);
				GCC_WARN_64_TO_32_BIT_CONVERSION = YES;
				GCC_WARN_ABOUT_RETURN_TYPE = YES_ERROR;
				GCC_WARN_UNDECLARED_SELECTOR = YES;
				GCC_WARN_UNINITIALIZED_AUTOS = YES_AGGRESSIVE;
				GCC_WARN_UNUSED_FUNCTION = YES;
				GCC_WARN_UNUSED_VARIABLE = YES;
				LOCALIZATION_PREFERS_STRING_CATALOGS = YES;
				MTL_ENABLE_DEBUG_INFO = INCLUDE_SOURCE;
				MTL_FAST_MATH = YES;
				ONLY_ACTIVE_ARCH = YES;
				SWIFT_ACTIVE_COMPILATION_CONDITIONS = "DEBUG $(inherited)";
				SWIFT_OPTIMIZATION_LEVEL = "-Onone";
			};
			name = Debug;
		};
		C6E674C12C92E03800136943 /* Release */ = {
			isa = XCBuildConfiguration;
			buildSettings = {
				ALWAYS_SEARCH_USER_PATHS = NO;
				ASSETCATALOG_COMPILER_GENERATE_SWIFT_ASSET_SYMBOL_EXTENSIONS = YES;
				CLANG_ANALYZER_NONNULL = YES;
				CLANG_ANALYZER_NUMBER_OBJECT_CONVERSION = YES_AGGRESSIVE;
				CLANG_CXX_LANGUAGE_STANDARD = "gnu++20";
				CLANG_ENABLE_MODULES = YES;
				CLANG_ENABLE_OBJC_ARC = YES;
				CLANG_ENABLE_OBJC_WEAK = YES;
				CLANG_WARN_BLOCK_CAPTURE_AUTORELEASING = YES;
				CLANG_WARN_BOOL_CONVERSION = YES;
				CLANG_WARN_COMMA = YES;
				CLANG_WARN_CONSTANT_CONVERSION = YES;
				CLANG_WARN_DEPRECATED_OBJC_IMPLEMENTATIONS = YES;
				CLANG_WARN_DIRECT_OBJC_ISA_USAGE = YES_ERROR;
				CLANG_WARN_DOCUMENTATION_COMMENTS = YES;
				CLANG_WARN_EMPTY_BODY = YES;
				CLANG_WARN_ENUM_CONVERSION = YES;
				CLANG_WARN_INFINITE_RECURSION = YES;
				CLANG_WARN_INT_CONVERSION = YES;
				CLANG_WARN_NON_LITERAL_NULL_CONVERSION = YES;
				CLANG_WARN_OBJC_IMPLICIT_RETAIN_SELF = YES;
				CLANG_WARN_OBJC_LITERAL_CONVERSION = YES;
				CLANG_WARN_OBJC_ROOT_CLASS = YES_ERROR;
				CLANG_WARN_QUOTED_INCLUDE_IN_FRAMEWORK_HEADER = YES;
				CLANG_WARN_RANGE_LOOP_ANALYSIS = YES;
				CLANG_WARN_STRICT_PROTOTYPES = YES;
				CLANG_WARN_SUSPICIOUS_MOVE = YES;
				CLANG_WARN_UNGUARDED_AVAILABILITY = YES_AGGRESSIVE;
				CLANG_WARN_UNREACHABLE_CODE = YES;
				CLANG_WARN__DUPLICATE_METHOD_MATCH = YES;
				COPY_PHASE_STRIP = NO;
				DEBUG_INFORMATION_FORMAT = "dwarf-with-dsym";
				ENABLE_NS_ASSERTIONS = NO;
				ENABLE_STRICT_OBJC_MSGSEND = YES;
				ENABLE_USER_SCRIPT_SANDBOXING = NO;
				GCC_C_LANGUAGE_STANDARD = gnu17;
				GCC_NO_COMMON_BLOCKS = YES;
				GCC_WARN_64_TO_32_BIT_CONVERSION = YES;
				GCC_WARN_ABOUT_RETURN_TYPE = YES_ERROR;
				GCC_WARN_UNDECLARED_SELECTOR = YES;
				GCC_WARN_UNINITIALIZED_AUTOS = YES_AGGRESSIVE;
				GCC_WARN_UNUSED_FUNCTION = YES;
				GCC_WARN_UNUSED_VARIABLE = YES;
				LOCALIZATION_PREFERS_STRING_CATALOGS = YES;
				MTL_ENABLE_DEBUG_INFO = NO;
				MTL_FAST_MATH = YES;
				SWIFT_COMPILATION_MODE = wholemodule;
			};
			name = Release;
		};
		C6E674C32C92E03800136943 /* Debug */ = {
			isa = XCBuildConfiguration;
			buildSettings = {
				ASSETCATALOG_COMPILER_APPICON_NAME = AppIcon;
				ASSETCATALOG_COMPILER_GLOBAL_ACCENT_COLOR_NAME = AccentColor;
				CODE_SIGN_ENTITLEMENTS = Aglaia/Aglaia.entitlements;
				CODE_SIGN_STYLE = Automatic;
				CURRENT_PROJECT_VERSION = 1;
				DEBUG_INFORMATION_FORMAT = "dwarf-with-dsym";
				DEVELOPMENT_ASSET_PATHS = "\"Aglaia/Preview Content\"";
				DEVELOPMENT_TEAM = U38WFWB5D6;
				ENABLE_HARDENED_RUNTIME = YES;
				ENABLE_PREVIEWS = YES;
				ENABLE_USER_SCRIPT_SANDBOXING = NO;
				GENERATE_INFOPLIST_FILE = YES;
				"INFOPLIST_KEY_UIApplicationSceneManifest_Generation[sdk=iphoneos*]" = YES;
				"INFOPLIST_KEY_UIApplicationSceneManifest_Generation[sdk=iphonesimulator*]" = YES;
				"INFOPLIST_KEY_UIApplicationSupportsIndirectInputEvents[sdk=iphoneos*]" = YES;
				"INFOPLIST_KEY_UIApplicationSupportsIndirectInputEvents[sdk=iphonesimulator*]" = YES;
				"INFOPLIST_KEY_UILaunchScreen_Generation[sdk=iphoneos*]" = YES;
				"INFOPLIST_KEY_UILaunchScreen_Generation[sdk=iphonesimulator*]" = YES;
				"INFOPLIST_KEY_UIStatusBarStyle[sdk=iphoneos*]" = UIStatusBarStyleDefault;
				"INFOPLIST_KEY_UIStatusBarStyle[sdk=iphonesimulator*]" = UIStatusBarStyleDefault;
				INFOPLIST_KEY_UISupportedInterfaceOrientations_iPad = "UIInterfaceOrientationPortrait UIInterfaceOrientationPortraitUpsideDown UIInterfaceOrientationLandscapeLeft UIInterfaceOrientationLandscapeRight";
				INFOPLIST_KEY_UISupportedInterfaceOrientations_iPhone = "UIInterfaceOrientationPortrait UIInterfaceOrientationLandscapeLeft UIInterfaceOrientationLandscapeRight";
				IPHONEOS_DEPLOYMENT_TARGET = 17.5;
				LD_RUNPATH_SEARCH_PATHS = "@executable_path/Frameworks";
				"LD_RUNPATH_SEARCH_PATHS[sdk=macosx*]" = "@executable_path/../Frameworks";
				MACOSX_DEPLOYMENT_TARGET = 14.5;
				MARKETING_VERSION = 1.0;
				OTHER_LDFLAGS = "-ObjC";
				PRODUCT_BUNDLE_IDENTIFIER = jp.aryzae.Aglaia;
				PRODUCT_NAME = "$(TARGET_NAME)";
				SDKROOT = auto;
				SUPPORTED_PLATFORMS = "iphoneos iphonesimulator macosx";
				SWIFT_EMIT_LOC_STRINGS = YES;
				SWIFT_VERSION = 5.0;
				TARGETED_DEVICE_FAMILY = "1,2";
			};
			name = Debug;
		};
		C6E674C42C92E03800136943 /* Release */ = {
			isa = XCBuildConfiguration;
			buildSettings = {
				ASSETCATALOG_COMPILER_APPICON_NAME = AppIcon;
				ASSETCATALOG_COMPILER_GLOBAL_ACCENT_COLOR_NAME = AccentColor;
				CODE_SIGN_ENTITLEMENTS = Aglaia/Aglaia.entitlements;
				CODE_SIGN_STYLE = Automatic;
				CURRENT_PROJECT_VERSION = 1;
				DEVELOPMENT_ASSET_PATHS = "\"Aglaia/Preview Content\"";
				DEVELOPMENT_TEAM = U38WFWB5D6;
				ENABLE_HARDENED_RUNTIME = YES;
				ENABLE_PREVIEWS = YES;
				ENABLE_USER_SCRIPT_SANDBOXING = NO;
				GENERATE_INFOPLIST_FILE = YES;
				"INFOPLIST_KEY_UIApplicationSceneManifest_Generation[sdk=iphoneos*]" = YES;
				"INFOPLIST_KEY_UIApplicationSceneManifest_Generation[sdk=iphonesimulator*]" = YES;
				"INFOPLIST_KEY_UIApplicationSupportsIndirectInputEvents[sdk=iphoneos*]" = YES;
				"INFOPLIST_KEY_UIApplicationSupportsIndirectInputEvents[sdk=iphonesimulator*]" = YES;
				"INFOPLIST_KEY_UILaunchScreen_Generation[sdk=iphoneos*]" = YES;
				"INFOPLIST_KEY_UILaunchScreen_Generation[sdk=iphonesimulator*]" = YES;
				"INFOPLIST_KEY_UIStatusBarStyle[sdk=iphoneos*]" = UIStatusBarStyleDefault;
				"INFOPLIST_KEY_UIStatusBarStyle[sdk=iphonesimulator*]" = UIStatusBarStyleDefault;
				INFOPLIST_KEY_UISupportedInterfaceOrientations_iPad = "UIInterfaceOrientationPortrait UIInterfaceOrientationPortraitUpsideDown UIInterfaceOrientationLandscapeLeft UIInterfaceOrientationLandscapeRight";
				INFOPLIST_KEY_UISupportedInterfaceOrientations_iPhone = "UIInterfaceOrientationPortrait UIInterfaceOrientationLandscapeLeft UIInterfaceOrientationLandscapeRight";
				IPHONEOS_DEPLOYMENT_TARGET = 17.5;
				LD_RUNPATH_SEARCH_PATHS = "@executable_path/Frameworks";
				"LD_RUNPATH_SEARCH_PATHS[sdk=macosx*]" = "@executable_path/../Frameworks";
				MACOSX_DEPLOYMENT_TARGET = 14.5;
				MARKETING_VERSION = 1.0;
				OTHER_LDFLAGS = "-ObjC";
				PRODUCT_BUNDLE_IDENTIFIER = jp.aryzae.Aglaia;
				PRODUCT_NAME = "$(TARGET_NAME)";
				SDKROOT = auto;
				SUPPORTED_PLATFORMS = "iphoneos iphonesimulator macosx";
				SWIFT_EMIT_LOC_STRINGS = YES;
				SWIFT_VERSION = 5.0;
				TARGETED_DEVICE_FAMILY = "1,2";
			};
			name = Release;
		};
		C6E674C62C92E03800136943 /* Debug */ = {
			isa = XCBuildConfiguration;
			buildSettings = {
				ALWAYS_EMBED_SWIFT_STANDARD_LIBRARIES = YES;
				BUNDLE_LOADER = "$(TEST_HOST)";
				CODE_SIGN_STYLE = Automatic;
				CURRENT_PROJECT_VERSION = 1;
				DEVELOPMENT_TEAM = U38WFWB5D6;
				GENERATE_INFOPLIST_FILE = YES;
				IPHONEOS_DEPLOYMENT_TARGET = 17.5;
				MACOSX_DEPLOYMENT_TARGET = 14.5;
				MARKETING_VERSION = 1.0;
				PRODUCT_BUNDLE_IDENTIFIER = jp.aryzae.AglaiaTests;
				PRODUCT_NAME = "$(TARGET_NAME)";
				SDKROOT = auto;
				SUPPORTED_PLATFORMS = "iphoneos iphonesimulator macosx";
				SWIFT_EMIT_LOC_STRINGS = NO;
				SWIFT_VERSION = 5.0;
				TARGETED_DEVICE_FAMILY = "1,2";
				TEST_HOST = "$(BUILT_PRODUCTS_DIR)/Aglaia.app/$(BUNDLE_EXECUTABLE_FOLDER_PATH)/Aglaia";
			};
			name = Debug;
		};
		C6E674C72C92E03800136943 /* Release */ = {
			isa = XCBuildConfiguration;
			buildSettings = {
				ALWAYS_EMBED_SWIFT_STANDARD_LIBRARIES = YES;
				BUNDLE_LOADER = "$(TEST_HOST)";
				CODE_SIGN_STYLE = Automatic;
				CURRENT_PROJECT_VERSION = 1;
				DEVELOPMENT_TEAM = U38WFWB5D6;
				GENERATE_INFOPLIST_FILE = YES;
				IPHONEOS_DEPLOYMENT_TARGET = 17.5;
				MACOSX_DEPLOYMENT_TARGET = 14.5;
				MARKETING_VERSION = 1.0;
				PRODUCT_BUNDLE_IDENTIFIER = jp.aryzae.AglaiaTests;
				PRODUCT_NAME = "$(TARGET_NAME)";
				SDKROOT = auto;
				SUPPORTED_PLATFORMS = "iphoneos iphonesimulator macosx";
				SWIFT_EMIT_LOC_STRINGS = NO;
				SWIFT_VERSION = 5.0;
				TARGETED_DEVICE_FAMILY = "1,2";
				TEST_HOST = "$(BUILT_PRODUCTS_DIR)/Aglaia.app/$(BUNDLE_EXECUTABLE_FOLDER_PATH)/Aglaia";
			};
			name = Release;
		};
		C6E674C92C92E03800136943 /* Debug */ = {
			isa = XCBuildConfiguration;
			buildSettings = {
				ALWAYS_EMBED_SWIFT_STANDARD_LIBRARIES = YES;
				CODE_SIGN_STYLE = Automatic;
				CURRENT_PROJECT_VERSION = 1;
				DEVELOPMENT_TEAM = U38WFWB5D6;
				GENERATE_INFOPLIST_FILE = YES;
				IPHONEOS_DEPLOYMENT_TARGET = 17.5;
				MACOSX_DEPLOYMENT_TARGET = 14.5;
				MARKETING_VERSION = 1.0;
				PRODUCT_BUNDLE_IDENTIFIER = jp.aryzae.AglaiaUITests;
				PRODUCT_NAME = "$(TARGET_NAME)";
				SDKROOT = auto;
				SUPPORTED_PLATFORMS = "iphoneos iphonesimulator macosx";
				SWIFT_EMIT_LOC_STRINGS = NO;
				SWIFT_VERSION = 5.0;
				TARGETED_DEVICE_FAMILY = "1,2";
				TEST_TARGET_NAME = Aglaia;
			};
			name = Debug;
		};
		C6E674CA2C92E03800136943 /* Release */ = {
			isa = XCBuildConfiguration;
			buildSettings = {
				ALWAYS_EMBED_SWIFT_STANDARD_LIBRARIES = YES;
				CODE_SIGN_STYLE = Automatic;
				CURRENT_PROJECT_VERSION = 1;
				DEVELOPMENT_TEAM = U38WFWB5D6;
				GENERATE_INFOPLIST_FILE = YES;
				IPHONEOS_DEPLOYMENT_TARGET = 17.5;
				MACOSX_DEPLOYMENT_TARGET = 14.5;
				MARKETING_VERSION = 1.0;
				PRODUCT_BUNDLE_IDENTIFIER = jp.aryzae.AglaiaUITests;
				PRODUCT_NAME = "$(TARGET_NAME)";
				SDKROOT = auto;
				SUPPORTED_PLATFORMS = "iphoneos iphonesimulator macosx";
				SWIFT_EMIT_LOC_STRINGS = NO;
				SWIFT_VERSION = 5.0;
				TARGETED_DEVICE_FAMILY = "1,2";
				TEST_TARGET_NAME = Aglaia;
			};
			name = Release;
		};
/* End XCBuildConfiguration section */

/* Begin XCConfigurationList section */
		C6E674982C92E03600136943 /* Build configuration list for PBXProject "Aglaia" */ = {
			isa = XCConfigurationList;
			buildConfigurations = (
				C6E674C02C92E03800136943 /* Debug */,
				C6E674C12C92E03800136943 /* Release */,
			);
			defaultConfigurationIsVisible = 0;
			defaultConfigurationName = Release;
		};
		C6E674C22C92E03800136943 /* Build configuration list for PBXNativeTarget "Aglaia" */ = {
			isa = XCConfigurationList;
			buildConfigurations = (
				C6E674C32C92E03800136943 /* Debug */,
				C6E674C42C92E03800136943 /* Release */,
			);
			defaultConfigurationIsVisible = 0;
			defaultConfigurationName = Release;
		};
		C6E674C52C92E03800136943 /* Build configuration list for PBXNativeTarget "AglaiaTests" */ = {
			isa = XCConfigurationList;
			buildConfigurations = (
				C6E674C62C92E03800136943 /* Debug */,
				C6E674C72C92E03800136943 /* Release */,
			);
			defaultConfigurationIsVisible = 0;
			defaultConfigurationName = Release;
		};
		C6E674C82C92E03800136943 /* Build configuration list for PBXNativeTarget "AglaiaUITests" */ = {
			isa = XCConfigurationList;
			buildConfigurations = (
				C6E674C92C92E03800136943 /* Debug */,
				C6E674CA2C92E03800136943 /* Release */,
			);
			defaultConfigurationIsVisible = 0;
			defaultConfigurationName = Release;
		};
/* End XCConfigurationList section */

/* Begin XCRemoteSwiftPackageReference section */
		C6E674CC2C92E43100136943 /* XCRemoteSwiftPackageReference "firebase-ios-sdk" */ = {
			isa = XCRemoteSwiftPackageReference;
			repositoryURL = "https://github.com/firebase/firebase-ios-sdk.git";
			requirement = {
				kind = upToNextMajorVersion;
				minimumVersion = 11.2.0;
			};
		};
		C6E674D32C92E65800136943 /* XCRemoteSwiftPackageReference "swift-composable-architecture" */ = {
			isa = XCRemoteSwiftPackageReference;
			repositoryURL = "https://github.com/pointfreeco/swift-composable-architecture.git";
			requirement = {
				kind = upToNextMajorVersion;
				minimumVersion = 1.14.0;
			};
		};
/* End XCRemoteSwiftPackageReference section */

/* Begin XCSwiftPackageProductDependency section */
		C6E674CD2C92E43100136943 /* FirebaseAnalytics */ = {
			isa = XCSwiftPackageProductDependency;
			package = C6E674CC2C92E43100136943 /* XCRemoteSwiftPackageReference "firebase-ios-sdk" */;
			productName = FirebaseAnalytics;
		};
		C6E674CF2C92E43100136943 /* FirebaseAuth */ = {
			isa = XCSwiftPackageProductDependency;
			package = C6E674CC2C92E43100136943 /* XCRemoteSwiftPackageReference "firebase-ios-sdk" */;
			productName = FirebaseAuth;
		};
		C6E674D12C92E43100136943 /* FirebaseCrashlytics */ = {
			isa = XCSwiftPackageProductDependency;
			package = C6E674CC2C92E43100136943 /* XCRemoteSwiftPackageReference "firebase-ios-sdk" */;
			productName = FirebaseCrashlytics;
		};
		C6E674D42C92E65800136943 /* ComposableArchitecture */ = {
			isa = XCSwiftPackageProductDependency;
			package = C6E674D32C92E65800136943 /* XCRemoteSwiftPackageReference "swift-composable-architecture" */;
			productName = ComposableArchitecture;
		};
/* End XCSwiftPackageProductDependency section */
	};
	rootObject = C6E674952C92E03600136943 /* Project object */;
}
